
Microsoft Visual Studio Solution File, Format Version 11.00
# Visual Studio 2010
Project("{FAE04EC0-301F-11D3-BF4B-00C04F79EFBC}") = "001ASimpleThread", "001ASimpleThread\001ASimpleThread.csproj", "{3E91F875-23A7-41EF-8FBD-719695310DEF}"
EndProject
Project("{FAE04EC0-301F-11D3-BF4B-00C04F79EFBC}") = "002AMessageDrivenThread", "002AMessageDrivenThread\002AMessageDrivenThread.csproj", "{AFF8F50F-553F-4E4B-9656-0DAF3DF82080}"
EndProject
Project("{FAE04EC0-301F-11D3-BF4B-00C04F79EFBC}") = "003AConcurrentTreeStructure", "003AConcurrentTreeStructure\003AConcurrentTreeStructure.csproj", "{A42DFDEE-152B-4E8E-93A5-77F1AD914916}"
EndProject
Project("{FAE04EC0-301F-11D3-BF4B-00C04F79EFBC}") = "003AConcurrentTreeStructure.Lib", "003AConcurrentTreeStructure.Lib\003AConcurrentTreeStructure.Lib.csproj", "{B5DD6658-3A33-4E4A-92A3-FB479E6E91C6}"
EndProject
Project("{FAE04EC0-301F-11D3-BF4B-00C04F79EFBC}") = "004-Crontab", "004-Crontab\004-Crontab.csproj", "{8E74E9CE-6083-4FD6-A78E-162A347AD71A}"
EndProject
Project("{2150E333-8FDC-42A3-9474-1A3956D46DE8}") = ".nuget", ".nuget", "{9A47AC4A-97EB-4A4A-8A7E-9938859F3532}"
	ProjectSection(SolutionItems) = preProject
		.nuget\NuGet.Config = .nuget\NuGet.Config
		.nuget\NuGet.exe = .nuget\NuGet.exe
		.nuget\NuGet.targets = .nuget\NuGet.targets
	EndProjectSection
EndProject
Global
	GlobalSection(SolutionConfigurationPlatforms) = preSolution
		Debug|Any CPU = Debug|Any CPU
		Debug|Mixed Platforms = Debug|Mixed Platforms
		Debug|x86 = Debug|x86
		Release|Any CPU = Release|Any CPU
		Release|Mixed Platforms = Release|Mixed Platforms
		Release|x86 = Release|x86
	EndGlobalSection
	GlobalSection(ProjectConfigurationPlatforms) = postSolution
		{3E91F875-23A7-41EF-8FBD-719695310DEF}.Debug|Any CPU.ActiveCfg = Debug|x86
		{3E91F875-23A7-41EF-8FBD-719695310DEF}.Debug|Mixed Platforms.ActiveCfg = Debug|x86
		{3E91F875-23A7-41EF-8FBD-719695310DEF}.Debug|Mixed Platforms.Build.0 = Debug|x86
		{3E91F875-23A7-41EF-8FBD-719695310DEF}.Debug|x86.ActiveCfg = Debug|x86
		{3E91F875-23A7-41EF-8FBD-719695310DEF}.Debug|x86.Build.0 = Debug|x86
		{3E91F875-23A7-41EF-8FBD-719695310DEF}.Release|Any CPU.ActiveCfg = Release|x86
		{3E91F875-23A7-41EF-8FBD-719695310DEF}.Release|Mixed Platforms.ActiveCfg = Release|x86
		{3E91F875-23A7-41EF-8FBD-719695310DEF}.Release|Mixed Platforms.Build.0 = Release|x86
		{3E91F875-23A7-41EF-8FBD-719695310DEF}.Release|x86.ActiveCfg = Release|x86
		{3E91F875-23A7-41EF-8FBD-719695310DEF}.Release|x86.Build.0 = Release|x86
		{AFF8F50F-553F-4E4B-9656-0DAF3DF82080}.Debug|Any CPU.ActiveCfg = Debug|x86
		{AFF8F50F-553F-4E4B-9656-0DAF3DF82080}.Debug|Mixed Platforms.ActiveCfg = Debug|x86
		{AFF8F50F-553F-4E4B-9656-0DAF3DF82080}.Debug|Mixed Platforms.Build.0 = Debug|x86
		{AFF8F50F-553F-4E4B-9656-0DAF3DF82080}.Debug|x86.ActiveCfg = Debug|x86
		{AFF8F50F-553F-4E4B-9656-0DAF3DF82080}.Debug|x86.Build.0 = Debug|x86
		{AFF8F50F-553F-4E4B-9656-0DAF3DF82080}.Release|Any CPU.ActiveCfg = Release|x86
		{AFF8F50F-553F-4E4B-9656-0DAF3DF82080}.Release|Mixed Platforms.ActiveCfg = Release|x86
		{AFF8F50F-553F-4E4B-9656-0DAF3DF82080}.Release|Mixed Platforms.Build.0 = Release|x86
		{AFF8F50F-553F-4E4B-9656-0DAF3DF82080}.Release|x86.ActiveCfg = Release|x86
		{AFF8F50F-553F-4E4B-9656-0DAF3DF82080}.Release|x86.Build.0 = Release|x86
		{A42DFDEE-152B-4E8E-93A5-77F1AD914916}.Debug|Any CPU.ActiveCfg = Debug|x86
		{A42DFDEE-152B-4E8E-93A5-77F1AD914916}.Debug|Mixed Platforms.ActiveCfg = Debug|x86
		{A42DFDEE-152B-4E8E-93A5-77F1AD914916}.Debug|Mixed Platforms.Build.0 = Debug|x86
		{A42DFDEE-152B-4E8E-93A5-77F1AD914916}.Debug|x86.ActiveCfg = Debug|x86
		{A42DFDEE-152B-4E8E-93A5-77F1AD914916}.Debug|x86.Build.0 = Debug|x86
		{A42DFDEE-152B-4E8E-93A5-77F1AD914916}.Release|Any CPU.ActiveCfg = Release|x86
		{A42DFDEE-152B-4E8E-93A5-77F1AD914916}.Release|Mixed Platforms.ActiveCfg = Release|x86
		{A42DFDEE-152B-4E8E-93A5-77F1AD914916}.Release|Mixed Platforms.Build.0 = Release|x86
		{A42DFDEE-152B-4E8E-93A5-77F1AD914916}.Release|x86.ActiveCfg = Release|x86
		{A42DFDEE-152B-4E8E-93A5-77F1AD914916}.Release|x86.Build.0 = Release|x86
		{B5DD6658-3A33-4E4A-92A3-FB479E6E91C6}.Debug|Any CPU.ActiveCfg = Debug|Any CPU
		{B5DD6658-3A33-4E4A-92A3-FB479E6E91C6}.Debug|Any CPU.Build.0 = Debug|Any CPU
		{B5DD6658-3A33-4E4A-92A3-FB479E6E91C6}.Debug|Mixed Platforms.ActiveCfg = Debug|Any CPU
		{B5DD6658-3A33-4E4A-92A3-FB479E6E91C6}.Debug|Mixed Platforms.Build.0 = Debug|Any CPU
		{B5DD6658-3A33-4E4A-92A3-FB479E6E91C6}.Debug|x86.ActiveCfg = Debug|Any CPU
		{B5DD6658-3A33-4E4A-92A3-FB479E6E91C6}.Release|Any CPU.ActiveCfg = Release|Any CPU
		{B5DD6658-3A33-4E4A-92A3-FB479E6E91C6}.Release|Any CPU.Build.0 = Release|Any CPU
		{B5DD6658-3A33-4E4A-92A3-FB479E6E91C6}.Release|Mixed Platforms.ActiveCfg = Release|Any CPU
		{B5DD6658-3A33-4E4A-92A3-FB479E6E91C6}.Release|Mixed Platforms.Build.0 = Release|Any CPU
		{B5DD6658-3A33-4E4A-92A3-FB479E6E91C6}.Release|x86.ActiveCfg = Release|Any CPU
		{8E74E9CE-6083-4FD6-A78E-162A347AD71A}.Debug|Any CPU.ActiveCfg = Debug|x86
		{8E74E9CE-6083-4FD6-A78E-162A347AD71A}.Debug|Mixed Platforms.ActiveCfg = Debug|x86
		{8E74E9CE-6083-4FD6-A78E-162A347AD71A}.Debug|Mixed Platforms.Build.0 = Debug|x86
		{8E74E9CE-6083-4FD6-A78E-162A347AD71A}.Debug|x86.ActiveCfg = Debug|x86
		{8E74E9CE-6083-4FD6-A78E-162A347AD71A}.Debug|x86.Build.0 = Debug|x86
		{8E74E9CE-6083-4FD6-A78E-162A347AD71A}.Release|Any CPU.ActiveCfg = Release|x86
		{8E74E9CE-6083-4FD6-A78E-162A347AD71A}.Release|Mixed Platforms.ActiveCfg = Release|x86
		{8E74E9CE-6083-4FD6-A78E-162A347AD71A}.Release|Mixed Platforms.Build.0 = Release|x86
		{8E74E9CE-6083-4FD6-A78E-162A347AD71A}.Release|x86.ActiveCfg = Release|x86
		{8E74E9CE-6083-4FD6-A78E-162A347AD71A}.Release|x86.Build.0 = Release|x86
	EndGlobalSection
	GlobalSection(SolutionProperties) = preSolution
		HideSolutionNode = FALSE
	EndGlobalSection
EndGlobal
