
Microsoft Visual Studio Solution File, Format Version 11.00
# Visual Studio 2010
Project("{2150E333-8FDC-42A3-9474-1A3956D46DE8}") = "ZakCore", "ZakCore", "{7A033290-2E67-479D-B4E2-332DE4C28894}"
EndProject
Project("{2150E333-8FDC-42A3-9474-1A3956D46DE8}") = "test", "test", "{8062A5B1-04A5-43DA-A96D-775C6C2E984C}"
EndProject
Project("{2150E333-8FDC-42A3-9474-1A3956D46DE8}") = "src", "src", "{634A3927-E4EE-4062-B17F-BD1CD392641C}"
EndProject
Project("{2150E333-8FDC-42A3-9474-1A3956D46DE8}") = "Solution Items", "Solution Items", "{125E2F75-A6D1-435A-8C6D-676D78377A2A}"
	ProjectSection(SolutionItems) = preProject
		Local.testsettings = Local.testsettings
		TraceAndTestImpact.testsettings = TraceAndTestImpact.testsettings
		ZakCms1.vsmdi = ZakCms1.vsmdi
	EndProjectSection
EndProject
Project("{2150E333-8FDC-42A3-9474-1A3956D46DE8}") = "samples", "samples", "{A2397524-9965-4BAE-8BD1-546EB068A2C1}"
EndProject
Project("{2150E333-8FDC-42A3-9474-1A3956D46DE8}") = ".nuget", ".nuget", "{42DC6BF0-0084-4E80-9D73-E4419A18C1B6}"
	ProjectSection(SolutionItems) = preProject
		.nuget\NuGet.Config = .nuget\NuGet.Config
		.nuget\NuGet.exe = .nuget\NuGet.exe
		.nuget\NuGet.targets = .nuget\NuGet.targets
	EndProjectSection
EndProject
Project("{FAE04EC0-301F-11D3-BF4B-00C04F79EFBC}") = "ZakCache", "ZakCache\ZakCache.csproj", "{61092AED-0224-4765-B2B7-43ADC882B123}"
EndProject
Global
	GlobalSection(TestCaseManagementSettings) = postSolution
		CategoryFile = ZakCms1.vsmdi
	EndGlobalSection
	GlobalSection(SolutionConfigurationPlatforms) = preSolution
		Debug|Any CPU = Debug|Any CPU
		Debug|Mixed Platforms = Debug|Mixed Platforms
		Debug|x86 = Debug|x86
		Release|Any CPU = Release|Any CPU
		Release|Mixed Platforms = Release|Mixed Platforms
		Release|x86 = Release|x86
	EndGlobalSection
	GlobalSection(ProjectConfigurationPlatforms) = postSolution
		{61092AED-0224-4765-B2B7-43ADC882B123}.Debug|Any CPU.ActiveCfg = Debug|Any CPU
		{61092AED-0224-4765-B2B7-43ADC882B123}.Debug|Any CPU.Build.0 = Debug|Any CPU
		{61092AED-0224-4765-B2B7-43ADC882B123}.Debug|Mixed Platforms.ActiveCfg = Debug|Any CPU
		{61092AED-0224-4765-B2B7-43ADC882B123}.Debug|Mixed Platforms.Build.0 = Debug|Any CPU
		{61092AED-0224-4765-B2B7-43ADC882B123}.Debug|x86.ActiveCfg = Debug|Any CPU
		{61092AED-0224-4765-B2B7-43ADC882B123}.Release|Any CPU.ActiveCfg = Release|Any CPU
		{61092AED-0224-4765-B2B7-43ADC882B123}.Release|Any CPU.Build.0 = Release|Any CPU
		{61092AED-0224-4765-B2B7-43ADC882B123}.Release|Mixed Platforms.ActiveCfg = Release|Any CPU
		{61092AED-0224-4765-B2B7-43ADC882B123}.Release|Mixed Platforms.Build.0 = Release|Any CPU
		{61092AED-0224-4765-B2B7-43ADC882B123}.Release|x86.ActiveCfg = Release|Any CPU
	EndGlobalSection
	GlobalSection(SolutionProperties) = preSolution
		HideSolutionNode = FALSE
	EndGlobalSection
	GlobalSection(NestedProjects) = preSolution
		{7A033290-2E67-479D-B4E2-332DE4C28894} = {634A3927-E4EE-4062-B17F-BD1CD392641C}
		{61092AED-0224-4765-B2B7-43ADC882B123} = {7A033290-2E67-479D-B4E2-332DE4C28894}
	EndGlobalSection
EndGlobal
