
Microsoft Visual Studio Solution File, Format Version 11.00
# Visual Studio 2010
Project("{FAE04EC0-301F-11D3-BF4B-00C04F79EFBC}") = "ZakDbInterfaces", "ZakDbInterfaces\ZakDbInterfaces.csproj", "{B132FC86-7D79-42BE-9834-376453621D51}"
EndProject
Project("{FAE04EC0-301F-11D3-BF4B-00C04F79EFBC}") = "ZakDb", "ZakDb\ZakDb.csproj", "{68A1E5E5-72E1-45D5-A60E-C506DD25B470}"
EndProject
Project("{2150E333-8FDC-42A3-9474-1A3956D46DE8}") = "ZakCore", "ZakCore", "{7A033290-2E67-479D-B4E2-332DE4C28894}"
EndProject
Project("{FAE04EC0-301F-11D3-BF4B-00C04F79EFBC}") = "ZakThread", "ZakThread\ZakThread.csproj", "{9156A91E-5AFD-4D1D-A081-BE45BD4F9C37}"
EndProject
Project("{FAE04EC0-301F-11D3-BF4B-00C04F79EFBC}") = "ZakCoreUtils", "ZakCoreUtils\ZakCoreUtils.csproj", "{3BA1ECC6-73E3-470B-AEA1-9B559ECB7AAE}"
EndProject
Project("{FAE04EC0-301F-11D3-BF4B-00C04F79EFBC}") = "ZakCoreUtilsInterfaces", "ZakCoreUtilsInterfaces\ZakCoreUtilsInterfaces.csproj", "{45F980B7-498D-40AC-A34A-E5B8324979C0}"
EndProject
Project("{2150E333-8FDC-42A3-9474-1A3956D46DE8}") = "SpecificImplementations", "SpecificImplementations", "{F8D6A50C-6CE3-4F4D-BC1B-8AC05EFD6BE9}"
EndProject
Project("{FAE04EC0-301F-11D3-BF4B-00C04F79EFBC}") = "Log4NetLogger", "Log4NetLogger\Log4NetLogger.csproj", "{79BC67ED-C0A9-4B19-959E-ED4004912455}"
EndProject
Project("{2150E333-8FDC-42A3-9474-1A3956D46DE8}") = "test", "test", "{8062A5B1-04A5-43DA-A96D-775C6C2E984C}"
EndProject
Project("{2150E333-8FDC-42A3-9474-1A3956D46DE8}") = "src", "src", "{634A3927-E4EE-4062-B17F-BD1CD392641C}"
EndProject
Project("{2150E333-8FDC-42A3-9474-1A3956D46DE8}") = "ZakCore", "ZakCore", "{3E8C2F16-8FE5-431F-ABA0-1D83B78A86E1}"
EndProject
Project("{FAE04EC0-301F-11D3-BF4B-00C04F79EFBC}") = "ZakCoreUtils.Test", "ZakCoreUtils.Test\ZakCoreUtils.Test.csproj", "{E21A0BDF-6F57-4CA1-AC50-D3E11EB99469}"
EndProject
Project("{2150E333-8FDC-42A3-9474-1A3956D46DE8}") = "Solution Items", "Solution Items", "{125E2F75-A6D1-435A-8C6D-676D78377A2A}"
	ProjectSection(SolutionItems) = preProject
		Local.testsettings = Local.testsettings
		TraceAndTestImpact.testsettings = TraceAndTestImpact.testsettings
		ZakCms1.vsmdi = ZakCms1.vsmdi
	EndProjectSection
EndProject
Project("{FAE04EC0-301F-11D3-BF4B-00C04F79EFBC}") = "ZakDb.Test", "ZakDb.Test\ZakDb.Test.csproj", "{CC992484-CCBC-4F42-84AF-675FFE90DAC1}"
EndProject
Project("{FAE04EC0-301F-11D3-BF4B-00C04F79EFBC}") = "ZakThread.Test", "ZakThread.Test\ZakThread.Test.csproj", "{0339AC8B-5D32-42F7-AF9D-ADDD13482D92}"
EndProject
Project("{2150E333-8FDC-42A3-9474-1A3956D46DE8}") = "samples", "samples", "{A2397524-9965-4BAE-8BD1-546EB068A2C1}"
EndProject
Project("{FAE04EC0-301F-11D3-BF4B-00C04F79EFBC}") = "ZakThreadInterfaces", "ZakThreadInterfaces\ZakThreadInterfaces.csproj", "{26B48B9A-B9F1-48DC-8D6E-E7F361E3BBF9}"
EndProject
Project("{2150E333-8FDC-42A3-9474-1A3956D46DE8}") = ".nuget", ".nuget", "{42DC6BF0-0084-4E80-9D73-E4419A18C1B6}"
	ProjectSection(SolutionItems) = preProject
		.nuget\NuGet.Config = .nuget\NuGet.Config
		.nuget\NuGet.exe = .nuget\NuGet.exe
		.nuget\NuGet.targets = .nuget\NuGet.targets
	EndProjectSection
EndProject
Project("{FAE04EC0-301F-11D3-BF4B-00C04F79EFBC}") = "ZakCache", "ZakCache\ZakCache.csproj", "{61092AED-0224-4765-B2B7-43ADC882B123}"
EndProject
Project("{FAE04EC0-301F-11D3-BF4B-00C04F79EFBC}") = "001ASimpleThread", "001ASimpleThread\001ASimpleThread.csproj", "{3E91F875-23A7-41EF-8FBD-719695310DEF}"
EndProject
Global
	GlobalSection(TestCaseManagementSettings) = postSolution
		CategoryFile = ZakCms1.vsmdi
	EndGlobalSection
	GlobalSection(SolutionConfigurationPlatforms) = preSolution
		Debug|Any CPU = Debug|Any CPU
		Debug|Mixed Platforms = Debug|Mixed Platforms
		Debug|x86 = Debug|x86
		Release|Any CPU = Release|Any CPU
		Release|Mixed Platforms = Release|Mixed Platforms
		Release|x86 = Release|x86
	EndGlobalSection
	GlobalSection(ProjectConfigurationPlatforms) = postSolution
		{B132FC86-7D79-42BE-9834-376453621D51}.Debug|Any CPU.ActiveCfg = Debug|Any CPU
		{B132FC86-7D79-42BE-9834-376453621D51}.Debug|Any CPU.Build.0 = Debug|Any CPU
		{B132FC86-7D79-42BE-9834-376453621D51}.Debug|Mixed Platforms.ActiveCfg = Debug|Any CPU
		{B132FC86-7D79-42BE-9834-376453621D51}.Debug|Mixed Platforms.Build.0 = Debug|Any CPU
		{B132FC86-7D79-42BE-9834-376453621D51}.Debug|x86.ActiveCfg = Debug|Any CPU
		{B132FC86-7D79-42BE-9834-376453621D51}.Release|Any CPU.ActiveCfg = Release|Any CPU
		{B132FC86-7D79-42BE-9834-376453621D51}.Release|Any CPU.Build.0 = Release|Any CPU
		{B132FC86-7D79-42BE-9834-376453621D51}.Release|Mixed Platforms.ActiveCfg = Release|Any CPU
		{B132FC86-7D79-42BE-9834-376453621D51}.Release|Mixed Platforms.Build.0 = Release|Any CPU
		{B132FC86-7D79-42BE-9834-376453621D51}.Release|x86.ActiveCfg = Release|Any CPU
		{68A1E5E5-72E1-45D5-A60E-C506DD25B470}.Debug|Any CPU.ActiveCfg = Debug|Any CPU
		{68A1E5E5-72E1-45D5-A60E-C506DD25B470}.Debug|Any CPU.Build.0 = Debug|Any CPU
		{68A1E5E5-72E1-45D5-A60E-C506DD25B470}.Debug|Mixed Platforms.ActiveCfg = Debug|Any CPU
		{68A1E5E5-72E1-45D5-A60E-C506DD25B470}.Debug|Mixed Platforms.Build.0 = Debug|Any CPU
		{68A1E5E5-72E1-45D5-A60E-C506DD25B470}.Debug|x86.ActiveCfg = Debug|Any CPU
		{68A1E5E5-72E1-45D5-A60E-C506DD25B470}.Release|Any CPU.ActiveCfg = Release|Any CPU
		{68A1E5E5-72E1-45D5-A60E-C506DD25B470}.Release|Any CPU.Build.0 = Release|Any CPU
		{68A1E5E5-72E1-45D5-A60E-C506DD25B470}.Release|Mixed Platforms.ActiveCfg = Release|Any CPU
		{68A1E5E5-72E1-45D5-A60E-C506DD25B470}.Release|Mixed Platforms.Build.0 = Release|Any CPU
		{68A1E5E5-72E1-45D5-A60E-C506DD25B470}.Release|x86.ActiveCfg = Release|Any CPU
		{9156A91E-5AFD-4D1D-A081-BE45BD4F9C37}.Debug|Any CPU.ActiveCfg = Debug|Any CPU
		{9156A91E-5AFD-4D1D-A081-BE45BD4F9C37}.Debug|Any CPU.Build.0 = Debug|Any CPU
		{9156A91E-5AFD-4D1D-A081-BE45BD4F9C37}.Debug|Mixed Platforms.ActiveCfg = Debug|Any CPU
		{9156A91E-5AFD-4D1D-A081-BE45BD4F9C37}.Debug|Mixed Platforms.Build.0 = Debug|Any CPU
		{9156A91E-5AFD-4D1D-A081-BE45BD4F9C37}.Debug|x86.ActiveCfg = Debug|Any CPU
		{9156A91E-5AFD-4D1D-A081-BE45BD4F9C37}.Release|Any CPU.ActiveCfg = Release|Any CPU
		{9156A91E-5AFD-4D1D-A081-BE45BD4F9C37}.Release|Any CPU.Build.0 = Release|Any CPU
		{9156A91E-5AFD-4D1D-A081-BE45BD4F9C37}.Release|Mixed Platforms.ActiveCfg = Release|Any CPU
		{9156A91E-5AFD-4D1D-A081-BE45BD4F9C37}.Release|Mixed Platforms.Build.0 = Release|Any CPU
		{9156A91E-5AFD-4D1D-A081-BE45BD4F9C37}.Release|x86.ActiveCfg = Release|Any CPU
		{3BA1ECC6-73E3-470B-AEA1-9B559ECB7AAE}.Debug|Any CPU.ActiveCfg = Debug|Any CPU
		{3BA1ECC6-73E3-470B-AEA1-9B559ECB7AAE}.Debug|Any CPU.Build.0 = Debug|Any CPU
		{3BA1ECC6-73E3-470B-AEA1-9B559ECB7AAE}.Debug|Mixed Platforms.ActiveCfg = Debug|Any CPU
		{3BA1ECC6-73E3-470B-AEA1-9B559ECB7AAE}.Debug|Mixed Platforms.Build.0 = Debug|Any CPU
		{3BA1ECC6-73E3-470B-AEA1-9B559ECB7AAE}.Debug|x86.ActiveCfg = Debug|Any CPU
		{3BA1ECC6-73E3-470B-AEA1-9B559ECB7AAE}.Release|Any CPU.ActiveCfg = Release|Any CPU
		{3BA1ECC6-73E3-470B-AEA1-9B559ECB7AAE}.Release|Any CPU.Build.0 = Release|Any CPU
		{3BA1ECC6-73E3-470B-AEA1-9B559ECB7AAE}.Release|Mixed Platforms.ActiveCfg = Release|Any CPU
		{3BA1ECC6-73E3-470B-AEA1-9B559ECB7AAE}.Release|Mixed Platforms.Build.0 = Release|Any CPU
		{3BA1ECC6-73E3-470B-AEA1-9B559ECB7AAE}.Release|x86.ActiveCfg = Release|Any CPU
		{45F980B7-498D-40AC-A34A-E5B8324979C0}.Debug|Any CPU.ActiveCfg = Debug|Any CPU
		{45F980B7-498D-40AC-A34A-E5B8324979C0}.Debug|Any CPU.Build.0 = Debug|Any CPU
		{45F980B7-498D-40AC-A34A-E5B8324979C0}.Debug|Mixed Platforms.ActiveCfg = Debug|Any CPU
		{45F980B7-498D-40AC-A34A-E5B8324979C0}.Debug|Mixed Platforms.Build.0 = Debug|Any CPU
		{45F980B7-498D-40AC-A34A-E5B8324979C0}.Debug|x86.ActiveCfg = Debug|Any CPU
		{45F980B7-498D-40AC-A34A-E5B8324979C0}.Release|Any CPU.ActiveCfg = Release|Any CPU
		{45F980B7-498D-40AC-A34A-E5B8324979C0}.Release|Any CPU.Build.0 = Release|Any CPU
		{45F980B7-498D-40AC-A34A-E5B8324979C0}.Release|Mixed Platforms.ActiveCfg = Release|Any CPU
		{45F980B7-498D-40AC-A34A-E5B8324979C0}.Release|Mixed Platforms.Build.0 = Release|Any CPU
		{45F980B7-498D-40AC-A34A-E5B8324979C0}.Release|x86.ActiveCfg = Release|Any CPU
		{79BC67ED-C0A9-4B19-959E-ED4004912455}.Debug|Any CPU.ActiveCfg = Debug|Any CPU
		{79BC67ED-C0A9-4B19-959E-ED4004912455}.Debug|Any CPU.Build.0 = Debug|Any CPU
		{79BC67ED-C0A9-4B19-959E-ED4004912455}.Debug|Mixed Platforms.ActiveCfg = Debug|Any CPU
		{79BC67ED-C0A9-4B19-959E-ED4004912455}.Debug|Mixed Platforms.Build.0 = Debug|Any CPU
		{79BC67ED-C0A9-4B19-959E-ED4004912455}.Debug|x86.ActiveCfg = Debug|Any CPU
		{79BC67ED-C0A9-4B19-959E-ED4004912455}.Release|Any CPU.ActiveCfg = Release|Any CPU
		{79BC67ED-C0A9-4B19-959E-ED4004912455}.Release|Any CPU.Build.0 = Release|Any CPU
		{79BC67ED-C0A9-4B19-959E-ED4004912455}.Release|Mixed Platforms.ActiveCfg = Release|Any CPU
		{79BC67ED-C0A9-4B19-959E-ED4004912455}.Release|Mixed Platforms.Build.0 = Release|Any CPU
		{79BC67ED-C0A9-4B19-959E-ED4004912455}.Release|x86.ActiveCfg = Release|Any CPU
		{E21A0BDF-6F57-4CA1-AC50-D3E11EB99469}.Debug|Any CPU.ActiveCfg = Debug|Any CPU
		{E21A0BDF-6F57-4CA1-AC50-D3E11EB99469}.Debug|Any CPU.Build.0 = Debug|Any CPU
		{E21A0BDF-6F57-4CA1-AC50-D3E11EB99469}.Debug|Mixed Platforms.ActiveCfg = Debug|Any CPU
		{E21A0BDF-6F57-4CA1-AC50-D3E11EB99469}.Debug|Mixed Platforms.Build.0 = Debug|Any CPU
		{E21A0BDF-6F57-4CA1-AC50-D3E11EB99469}.Debug|x86.ActiveCfg = Debug|Any CPU
		{E21A0BDF-6F57-4CA1-AC50-D3E11EB99469}.Release|Any CPU.ActiveCfg = Release|Any CPU
		{E21A0BDF-6F57-4CA1-AC50-D3E11EB99469}.Release|Any CPU.Build.0 = Release|Any CPU
		{E21A0BDF-6F57-4CA1-AC50-D3E11EB99469}.Release|Mixed Platforms.ActiveCfg = Release|Any CPU
		{E21A0BDF-6F57-4CA1-AC50-D3E11EB99469}.Release|Mixed Platforms.Build.0 = Release|Any CPU
		{E21A0BDF-6F57-4CA1-AC50-D3E11EB99469}.Release|x86.ActiveCfg = Release|Any CPU
		{CC992484-CCBC-4F42-84AF-675FFE90DAC1}.Debug|Any CPU.ActiveCfg = Debug|Any CPU
		{CC992484-CCBC-4F42-84AF-675FFE90DAC1}.Debug|Any CPU.Build.0 = Debug|Any CPU
		{CC992484-CCBC-4F42-84AF-675FFE90DAC1}.Debug|Mixed Platforms.ActiveCfg = Debug|Any CPU
		{CC992484-CCBC-4F42-84AF-675FFE90DAC1}.Debug|Mixed Platforms.Build.0 = Debug|Any CPU
		{CC992484-CCBC-4F42-84AF-675FFE90DAC1}.Debug|x86.ActiveCfg = Debug|Any CPU
		{CC992484-CCBC-4F42-84AF-675FFE90DAC1}.Release|Any CPU.ActiveCfg = Release|Any CPU
		{CC992484-CCBC-4F42-84AF-675FFE90DAC1}.Release|Any CPU.Build.0 = Release|Any CPU
		{CC992484-CCBC-4F42-84AF-675FFE90DAC1}.Release|Mixed Platforms.ActiveCfg = Release|Any CPU
		{CC992484-CCBC-4F42-84AF-675FFE90DAC1}.Release|Mixed Platforms.Build.0 = Release|Any CPU
		{CC992484-CCBC-4F42-84AF-675FFE90DAC1}.Release|x86.ActiveCfg = Release|Any CPU
		{0339AC8B-5D32-42F7-AF9D-ADDD13482D92}.Debug|Any CPU.ActiveCfg = Debug|Any CPU
		{0339AC8B-5D32-42F7-AF9D-ADDD13482D92}.Debug|Any CPU.Build.0 = Debug|Any CPU
		{0339AC8B-5D32-42F7-AF9D-ADDD13482D92}.Debug|Mixed Platforms.ActiveCfg = Debug|Any CPU
		{0339AC8B-5D32-42F7-AF9D-ADDD13482D92}.Debug|Mixed Platforms.Build.0 = Debug|Any CPU
		{0339AC8B-5D32-42F7-AF9D-ADDD13482D92}.Debug|x86.ActiveCfg = Debug|Any CPU
		{0339AC8B-5D32-42F7-AF9D-ADDD13482D92}.Release|Any CPU.ActiveCfg = Release|Any CPU
		{0339AC8B-5D32-42F7-AF9D-ADDD13482D92}.Release|Any CPU.Build.0 = Release|Any CPU
		{0339AC8B-5D32-42F7-AF9D-ADDD13482D92}.Release|Mixed Platforms.ActiveCfg = Release|Any CPU
		{0339AC8B-5D32-42F7-AF9D-ADDD13482D92}.Release|Mixed Platforms.Build.0 = Release|Any CPU
		{0339AC8B-5D32-42F7-AF9D-ADDD13482D92}.Release|x86.ActiveCfg = Release|Any CPU
		{26B48B9A-B9F1-48DC-8D6E-E7F361E3BBF9}.Debug|Any CPU.ActiveCfg = Debug|Any CPU
		{26B48B9A-B9F1-48DC-8D6E-E7F361E3BBF9}.Debug|Any CPU.Build.0 = Debug|Any CPU
		{26B48B9A-B9F1-48DC-8D6E-E7F361E3BBF9}.Debug|Mixed Platforms.ActiveCfg = Debug|Any CPU
		{26B48B9A-B9F1-48DC-8D6E-E7F361E3BBF9}.Debug|Mixed Platforms.Build.0 = Debug|Any CPU
		{26B48B9A-B9F1-48DC-8D6E-E7F361E3BBF9}.Debug|x86.ActiveCfg = Debug|Any CPU
		{26B48B9A-B9F1-48DC-8D6E-E7F361E3BBF9}.Release|Any CPU.ActiveCfg = Release|Any CPU
		{26B48B9A-B9F1-48DC-8D6E-E7F361E3BBF9}.Release|Any CPU.Build.0 = Release|Any CPU
		{26B48B9A-B9F1-48DC-8D6E-E7F361E3BBF9}.Release|Mixed Platforms.ActiveCfg = Release|Any CPU
		{26B48B9A-B9F1-48DC-8D6E-E7F361E3BBF9}.Release|Mixed Platforms.Build.0 = Release|Any CPU
		{26B48B9A-B9F1-48DC-8D6E-E7F361E3BBF9}.Release|x86.ActiveCfg = Release|Any CPU
		{61092AED-0224-4765-B2B7-43ADC882B123}.Debug|Any CPU.ActiveCfg = Debug|Any CPU
		{61092AED-0224-4765-B2B7-43ADC882B123}.Debug|Any CPU.Build.0 = Debug|Any CPU
		{61092AED-0224-4765-B2B7-43ADC882B123}.Debug|Mixed Platforms.ActiveCfg = Debug|Any CPU
		{61092AED-0224-4765-B2B7-43ADC882B123}.Debug|Mixed Platforms.Build.0 = Debug|Any CPU
		{61092AED-0224-4765-B2B7-43ADC882B123}.Debug|x86.ActiveCfg = Debug|Any CPU
		{61092AED-0224-4765-B2B7-43ADC882B123}.Release|Any CPU.ActiveCfg = Release|Any CPU
		{61092AED-0224-4765-B2B7-43ADC882B123}.Release|Any CPU.Build.0 = Release|Any CPU
		{61092AED-0224-4765-B2B7-43ADC882B123}.Release|Mixed Platforms.ActiveCfg = Release|Any CPU
		{61092AED-0224-4765-B2B7-43ADC882B123}.Release|Mixed Platforms.Build.0 = Release|Any CPU
		{61092AED-0224-4765-B2B7-43ADC882B123}.Release|x86.ActiveCfg = Release|Any CPU
		{3E91F875-23A7-41EF-8FBD-719695310DEF}.Debug|Any CPU.ActiveCfg = Debug|x86
		{3E91F875-23A7-41EF-8FBD-719695310DEF}.Debug|Mixed Platforms.ActiveCfg = Debug|x86
		{3E91F875-23A7-41EF-8FBD-719695310DEF}.Debug|Mixed Platforms.Build.0 = Debug|x86
		{3E91F875-23A7-41EF-8FBD-719695310DEF}.Debug|x86.ActiveCfg = Debug|x86
		{3E91F875-23A7-41EF-8FBD-719695310DEF}.Debug|x86.Build.0 = Debug|x86
		{3E91F875-23A7-41EF-8FBD-719695310DEF}.Release|Any CPU.ActiveCfg = Release|x86
		{3E91F875-23A7-41EF-8FBD-719695310DEF}.Release|Mixed Platforms.ActiveCfg = Release|x86
		{3E91F875-23A7-41EF-8FBD-719695310DEF}.Release|Mixed Platforms.Build.0 = Release|x86
		{3E91F875-23A7-41EF-8FBD-719695310DEF}.Release|x86.ActiveCfg = Release|x86
		{3E91F875-23A7-41EF-8FBD-719695310DEF}.Release|x86.Build.0 = Release|x86
	EndGlobalSection
	GlobalSection(SolutionProperties) = preSolution
		HideSolutionNode = FALSE
	EndGlobalSection
	GlobalSection(NestedProjects) = preSolution
		{7A033290-2E67-479D-B4E2-332DE4C28894} = {634A3927-E4EE-4062-B17F-BD1CD392641C}
		{F8D6A50C-6CE3-4F4D-BC1B-8AC05EFD6BE9} = {634A3927-E4EE-4062-B17F-BD1CD392641C}
		{68A1E5E5-72E1-45D5-A60E-C506DD25B470} = {7A033290-2E67-479D-B4E2-332DE4C28894}
		{B132FC86-7D79-42BE-9834-376453621D51} = {7A033290-2E67-479D-B4E2-332DE4C28894}
		{9156A91E-5AFD-4D1D-A081-BE45BD4F9C37} = {7A033290-2E67-479D-B4E2-332DE4C28894}
		{3BA1ECC6-73E3-470B-AEA1-9B559ECB7AAE} = {7A033290-2E67-479D-B4E2-332DE4C28894}
		{45F980B7-498D-40AC-A34A-E5B8324979C0} = {7A033290-2E67-479D-B4E2-332DE4C28894}
		{26B48B9A-B9F1-48DC-8D6E-E7F361E3BBF9} = {7A033290-2E67-479D-B4E2-332DE4C28894}
		{61092AED-0224-4765-B2B7-43ADC882B123} = {7A033290-2E67-479D-B4E2-332DE4C28894}
		{79BC67ED-C0A9-4B19-959E-ED4004912455} = {F8D6A50C-6CE3-4F4D-BC1B-8AC05EFD6BE9}
		{3E8C2F16-8FE5-431F-ABA0-1D83B78A86E1} = {8062A5B1-04A5-43DA-A96D-775C6C2E984C}
		{E21A0BDF-6F57-4CA1-AC50-D3E11EB99469} = {3E8C2F16-8FE5-431F-ABA0-1D83B78A86E1}
		{CC992484-CCBC-4F42-84AF-675FFE90DAC1} = {3E8C2F16-8FE5-431F-ABA0-1D83B78A86E1}
		{0339AC8B-5D32-42F7-AF9D-ADDD13482D92} = {3E8C2F16-8FE5-431F-ABA0-1D83B78A86E1}
		{3E91F875-23A7-41EF-8FBD-719695310DEF} = {A2397524-9965-4BAE-8BD1-546EB068A2C1}
	EndGlobalSection
EndGlobal
